// !$*UTF8*$!
{
	archiveVersion = 1;
	classes = {
	};
	objectVersion = 50;
	objects = {

/* Begin PBXBuildFile section */
		F74A0A2C22E87DF900AF35A6 /* KeyFinder.h in Headers */ = {isa = PBXBuildFile; fileRef = F74A0A2A22E87DF900AF35A6 /* KeyFinder.h */; settings = {ATTRIBUTES = (Public, ); }; };
		F74A0A3322E87E6900AF35A6 /* Note.swift in Sources */ = {isa = PBXBuildFile; fileRef = F74A0A3222E87E6900AF35A6 /* Note.swift */; };
		F74A0A3522E880B900AF35A6 /* MusicTheory.swift in Sources */ = {isa = PBXBuildFile; fileRef = F74A0A3422E880B900AF35A6 /* MusicTheory.swift */; };
		F77BC8D022E8B65D00296789 /* KeyFinder.framework in Frameworks */ = {isa = PBXBuildFile; fileRef = F74A0A2722E87DF900AF35A6 /* KeyFinder.framework */; };
		F7816D9522FC51EA00A58486 /* MajorMode.swift in Sources */ = {isa = PBXBuildFile; fileRef = F7816D9422FC51EA00A58486 /* MajorMode.swift */; };
		F7816D9722FC5BBC00A58486 /* Mode.swift in Sources */ = {isa = PBXBuildFile; fileRef = F7816D9622FC5BBC00A58486 /* Mode.swift */; };
		F78D092B22FC94E70077EAB5 /* MelodicMinorMode.swift in Sources */ = {isa = PBXBuildFile; fileRef = F78D092A22FC94E70077EAB5 /* MelodicMinorMode.swift */; };
		F78D093022FC983D0077EAB5 /* NoteCollection.swift in Sources */ = {isa = PBXBuildFile; fileRef = F78D092F22FC983D0077EAB5 /* NoteCollection.swift */; };
		F78D093422FC9F4E0077EAB5 /* ModeCollection.swift in Sources */ = {isa = PBXBuildFile; fileRef = F78D093322FC9F4E0077EAB5 /* ModeCollection.swift */; };
		F79B493622FDAB2E00B0B915 /* ActiveNoteList.swift in Sources */ = {isa = PBXBuildFile; fileRef = F79B493522FDAB2E00B0B915 /* ActiveNoteList.swift */; };
		F79B493822FDB8BF00B0B915 /* KeyChangeObserver.swift in Sources */ = {isa = PBXBuildFile; fileRef = F79B493722FDB8BF00B0B915 /* KeyChangeObserver.swift */; };
		F79B493A22FDBA8900B0B915 /* KeyFinder.swift in Sources */ = {isa = PBXBuildFile; fileRef = F79B493922FDBA8900B0B915 /* KeyFinder.swift */; };
		F79B493C22FDBBB400B0B915 /* KeyGenerator.swift in Sources */ = {isa = PBXBuildFile; fileRef = F79B493B22FDBBB400B0B915 /* KeyGenerator.swift */; };
		F79B494B2301A74800B0B915 /* Tone.swift in Sources */ = {isa = PBXBuildFile; fileRef = F79B494A2301A74800B0B915 /* Tone.swift */; };
		F79B494D2301A90B00B0B915 /* ChordTone.swift in Sources */ = {isa = PBXBuildFile; fileRef = F79B494C2301A90B00B0B915 /* ChordTone.swift */; };
		F79B494F2301AA3900B0B915 /* BassTone.swift in Sources */ = {isa = PBXBuildFile; fileRef = F79B494E2301AA3900B0B915 /* BassTone.swift */; };
		F79B49532301AE7800B0B915 /* VoicingTemplate.swift in Sources */ = {isa = PBXBuildFile; fileRef = F79B49522301AE7800B0B915 /* VoicingTemplate.swift */; };
		F7FA2C6222F47FAA00E740A8 /* Key.swift in Sources */ = {isa = PBXBuildFile; fileRef = F7FA2C6122F47FA900E740A8 /* Key.swift */; };
/* End PBXBuildFile section */

/* Begin PBXContainerItemProxy section */
		F77BC8D122E8B65D00296789 /* PBXContainerItemProxy */ = {
			isa = PBXContainerItemProxy;
			containerPortal = F74A0A1E22E87DF800AF35A6 /* Project object */;
			proxyType = 1;
			remoteGlobalIDString = F74A0A2622E87DF800AF35A6;
			remoteInfo = KeyFinder;
		};
/* End PBXContainerItemProxy section */

/* Begin PBXFileReference section */
		F74A0A2722E87DF900AF35A6 /* KeyFinder.framework */ = {isa = PBXFileReference; explicitFileType = wrapper.framework; includeInIndex = 0; path = KeyFinder.framework; sourceTree = BUILT_PRODUCTS_DIR; };
		F74A0A2A22E87DF900AF35A6 /* KeyFinder.h */ = {isa = PBXFileReference; lastKnownFileType = sourcecode.c.h; path = KeyFinder.h; sourceTree = "<group>"; };
		F74A0A2B22E87DF900AF35A6 /* Info.plist */ = {isa = PBXFileReference; lastKnownFileType = text.plist.xml; path = Info.plist; sourceTree = "<group>"; };
		F74A0A3222E87E6900AF35A6 /* Note.swift */ = {isa = PBXFileReference; lastKnownFileType = sourcecode.swift; path = Note.swift; sourceTree = "<group>"; };
		F74A0A3422E880B900AF35A6 /* MusicTheory.swift */ = {isa = PBXFileReference; lastKnownFileType = sourcecode.swift; path = MusicTheory.swift; sourceTree = "<group>"; };
		F77BC8CB22E8B65D00296789 /* KeyFinderTests.xctest */ = {isa = PBXFileReference; explicitFileType = wrapper.cfbundle; includeInIndex = 0; path = KeyFinderTests.xctest; sourceTree = BUILT_PRODUCTS_DIR; };
		F7816D9422FC51EA00A58486 /* MajorMode.swift */ = {isa = PBXFileReference; lastKnownFileType = sourcecode.swift; path = MajorMode.swift; sourceTree = "<group>"; };
		F7816D9622FC5BBC00A58486 /* Mode.swift */ = {isa = PBXFileReference; lastKnownFileType = sourcecode.swift; path = Mode.swift; sourceTree = "<group>"; };
		F78D092A22FC94E70077EAB5 /* MelodicMinorMode.swift */ = {isa = PBXFileReference; lastKnownFileType = sourcecode.swift; path = MelodicMinorMode.swift; sourceTree = "<group>"; };
		F78D092F22FC983D0077EAB5 /* NoteCollection.swift */ = {isa = PBXFileReference; lastKnownFileType = sourcecode.swift; path = NoteCollection.swift; sourceTree = "<group>"; };
		F78D093322FC9F4E0077EAB5 /* ModeCollection.swift */ = {isa = PBXFileReference; lastKnownFileType = sourcecode.swift; path = ModeCollection.swift; sourceTree = "<group>"; };
		F79B493522FDAB2E00B0B915 /* ActiveNoteList.swift */ = {isa = PBXFileReference; lastKnownFileType = sourcecode.swift; path = ActiveNoteList.swift; sourceTree = "<group>"; };
		F79B493722FDB8BF00B0B915 /* KeyChangeObserver.swift */ = {isa = PBXFileReference; lastKnownFileType = sourcecode.swift; path = KeyChangeObserver.swift; sourceTree = "<group>"; };
		F79B493922FDBA8900B0B915 /* KeyFinder.swift */ = {isa = PBXFileReference; lastKnownFileType = sourcecode.swift; path = KeyFinder.swift; sourceTree = "<group>"; };
		F79B493B22FDBBB400B0B915 /* KeyGenerator.swift */ = {isa = PBXFileReference; lastKnownFileType = sourcecode.swift; path = KeyGenerator.swift; sourceTree = "<group>"; };
		F79B494A2301A74800B0B915 /* Tone.swift */ = {isa = PBXFileReference; lastKnownFileType = sourcecode.swift; path = Tone.swift; sourceTree = "<group>"; };
		F79B494C2301A90B00B0B915 /* ChordTone.swift */ = {isa = PBXFileReference; lastKnownFileType = sourcecode.swift; path = ChordTone.swift; sourceTree = "<group>"; };
		F79B494E2301AA3900B0B915 /* BassTone.swift */ = {isa = PBXFileReference; lastKnownFileType = sourcecode.swift; path = BassTone.swift; sourceTree = "<group>"; };
		F79B49522301AE7800B0B915 /* VoicingTemplate.swift */ = {isa = PBXFileReference; lastKnownFileType = sourcecode.swift; path = VoicingTemplate.swift; sourceTree = "<group>"; };
		F7FA2C6122F47FA900E740A8 /* Key.swift */ = {isa = PBXFileReference; lastKnownFileType = sourcecode.swift; path = Key.swift; sourceTree = "<group>"; };
/* End PBXFileReference section */

/* Begin PBXFrameworksBuildPhase section */
		F74A0A2422E87DF800AF35A6 /* Frameworks */ = {
			isa = PBXFrameworksBuildPhase;
			buildActionMask = 2147483647;
			files = (
			);
			runOnlyForDeploymentPostprocessing = 0;
		};
		F77BC8C822E8B65D00296789 /* Frameworks */ = {
			isa = PBXFrameworksBuildPhase;
			buildActionMask = 2147483647;
			files = (
				F77BC8D022E8B65D00296789 /* KeyFinder.framework in Frameworks */,
			);
			runOnlyForDeploymentPostprocessing = 0;
		};
/* End PBXFrameworksBuildPhase section */

/* Begin PBXGroup section */
		F74A0A1D22E87DF800AF35A6 = {
			isa = PBXGroup;
			children = (
				F74A0A2922E87DF900AF35A6 /* KeyFinder */,
				F74A0A2822E87DF900AF35A6 /* Products */,
			);
			sourceTree = "<group>";
		};
		F74A0A2822E87DF900AF35A6 /* Products */ = {
			isa = PBXGroup;
			children = (
				F74A0A2722E87DF900AF35A6 /* KeyFinder.framework */,
				F77BC8CB22E8B65D00296789 /* KeyFinderTests.xctest */,
			);
			name = Products;
			sourceTree = "<group>";
		};
		F74A0A2922E87DF900AF35A6 /* KeyFinder */ = {
			isa = PBXGroup;
			children = (
				F74A0A2A22E87DF900AF35A6 /* KeyFinder.h */,
				F74A0A2B22E87DF900AF35A6 /* Info.plist */,
				F74A0A3222E87E6900AF35A6 /* Note.swift */,
				F74A0A3422E880B900AF35A6 /* MusicTheory.swift */,
				F7FA2C6122F47FA900E740A8 /* Key.swift */,
				F7816D9422FC51EA00A58486 /* MajorMode.swift */,
				F7816D9622FC5BBC00A58486 /* Mode.swift */,
				F78D092A22FC94E70077EAB5 /* MelodicMinorMode.swift */,
				F78D092F22FC983D0077EAB5 /* NoteCollection.swift */,
				F78D093322FC9F4E0077EAB5 /* ModeCollection.swift */,
				F79B493522FDAB2E00B0B915 /* ActiveNoteList.swift */,
				F79B493722FDB8BF00B0B915 /* KeyChangeObserver.swift */,
				F79B493922FDBA8900B0B915 /* KeyFinder.swift */,
				F79B493B22FDBBB400B0B915 /* KeyGenerator.swift */,
				F79B494A2301A74800B0B915 /* Tone.swift */,
				F79B494C2301A90B00B0B915 /* ChordTone.swift */,
				F79B494E2301AA3900B0B915 /* BassTone.swift */,
				F79B49522301AE7800B0B915 /* VoicingTemplate.swift */,
			);
			path = KeyFinder;
			sourceTree = "<group>";
		};
/* End PBXGroup section */

/* Begin PBXHeadersBuildPhase section */
		F74A0A2222E87DF800AF35A6 /* Headers */ = {
			isa = PBXHeadersBuildPhase;
			buildActionMask = 2147483647;
			files = (
				F74A0A2C22E87DF900AF35A6 /* KeyFinder.h in Headers */,
			);
			runOnlyForDeploymentPostprocessing = 0;
		};
/* End PBXHeadersBuildPhase section */

/* Begin PBXNativeTarget section */
		F74A0A2622E87DF800AF35A6 /* KeyFinder */ = {
			isa = PBXNativeTarget;
			buildConfigurationList = F74A0A2F22E87DF900AF35A6 /* Build configuration list for PBXNativeTarget "KeyFinder" */;
			buildPhases = (
				F74A0A2222E87DF800AF35A6 /* Headers */,
				F74A0A2322E87DF800AF35A6 /* Sources */,
				F74A0A2422E87DF800AF35A6 /* Frameworks */,
				F74A0A2522E87DF800AF35A6 /* Resources */,
			);
			buildRules = (
			);
			dependencies = (
			);
			name = KeyFinder;
			productName = KeyFinder;
			productReference = F74A0A2722E87DF900AF35A6 /* KeyFinder.framework */;
			productType = "com.apple.product-type.framework";
		};
		F77BC8CA22E8B65D00296789 /* KeyFinderTests */ = {
			isa = PBXNativeTarget;
			buildConfigurationList = F77BC8D522E8B65D00296789 /* Build configuration list for PBXNativeTarget "KeyFinderTests" */;
			buildPhases = (
				F77BC8C722E8B65D00296789 /* Sources */,
				F77BC8C822E8B65D00296789 /* Frameworks */,
				F77BC8C922E8B65D00296789 /* Resources */,
			);
			buildRules = (
			);
			dependencies = (
				F77BC8D222E8B65D00296789 /* PBXTargetDependency */,
			);
			name = KeyFinderTests;
			productName = KeyFinderTests;
			productReference = F77BC8CB22E8B65D00296789 /* KeyFinderTests.xctest */;
			productType = "com.apple.product-type.bundle.unit-test";
		};
/* End PBXNativeTarget section */

/* Begin PBXProject section */
		F74A0A1E22E87DF800AF35A6 /* Project object */ = {
			isa = PBXProject;
			attributes = {
				LastSwiftUpdateCheck = 1030;
				LastUpgradeCheck = 1020;
				ORGANIZATIONNAME = "Convergence Lab";
				TargetAttributes = {
					F74A0A2622E87DF800AF35A6 = {
						CreatedOnToolsVersion = 10.2.1;
						LastSwiftMigration = 1020;
					};
					F77BC8CA22E8B65D00296789 = {
						CreatedOnToolsVersion = 10.3;
						LastSwiftMigration = 1030;
					};
				};
			};
			buildConfigurationList = F74A0A2122E87DF800AF35A6 /* Build configuration list for PBXProject "KeyFinder" */;
			compatibilityVersion = "Xcode 9.3";
			developmentRegion = en;
			hasScannedForEncodings = 0;
			knownRegions = (
				en,
				Base,
			);
			mainGroup = F74A0A1D22E87DF800AF35A6;
			productRefGroup = F74A0A2822E87DF900AF35A6 /* Products */;
			projectDirPath = "";
			projectRoot = "";
			targets = (
				F74A0A2622E87DF800AF35A6 /* KeyFinder */,
				F77BC8CA22E8B65D00296789 /* KeyFinderTests */,
			);
		};
/* End PBXProject section */

/* Begin PBXResourcesBuildPhase section */
		F74A0A2522E87DF800AF35A6 /* Resources */ = {
			isa = PBXResourcesBuildPhase;
			buildActionMask = 2147483647;
			files = (
			);
			runOnlyForDeploymentPostprocessing = 0;
		};
		F77BC8C922E8B65D00296789 /* Resources */ = {
			isa = PBXResourcesBuildPhase;
			buildActionMask = 2147483647;
			files = (
			);
			runOnlyForDeploymentPostprocessing = 0;
		};
/* End PBXResourcesBuildPhase section */

/* Begin PBXSourcesBuildPhase section */
		F74A0A2322E87DF800AF35A6 /* Sources */ = {
			isa = PBXSourcesBuildPhase;
			buildActionMask = 2147483647;
			files = (
				F78D093422FC9F4E0077EAB5 /* ModeCollection.swift in Sources */,
				F79B493822FDB8BF00B0B915 /* KeyChangeObserver.swift in Sources */,
				F78D092B22FC94E70077EAB5 /* MelodicMinorMode.swift in Sources */,
				F7FA2C6222F47FAA00E740A8 /* Key.swift in Sources */,
				F79B494B2301A74800B0B915 /* Tone.swift in Sources */,
				F7816D9722FC5BBC00A58486 /* Mode.swift in Sources */,
				F79B493A22FDBA8900B0B915 /* KeyFinder.swift in Sources */,
				F78D093022FC983D0077EAB5 /* NoteCollection.swift in Sources */,
				F79B494D2301A90B00B0B915 /* ChordTone.swift in Sources */,
				F74A0A3522E880B900AF35A6 /* MusicTheory.swift in Sources */,
				F7816D9522FC51EA00A58486 /* MajorMode.swift in Sources */,
				F79B49532301AE7800B0B915 /* VoicingTemplate.swift in Sources */,
				F79B494F2301AA3900B0B915 /* BassTone.swift in Sources */,
				F79B493C22FDBBB400B0B915 /* KeyGenerator.swift in Sources */,
				F74A0A3322E87E6900AF35A6 /* Note.swift in Sources */,
				F79B493622FDAB2E00B0B915 /* ActiveNoteList.swift in Sources */,
			);
			runOnlyForDeploymentPostprocessing = 0;
		};
		F77BC8C722E8B65D00296789 /* Sources */ = {
			isa = PBXSourcesBuildPhase;
			buildActionMask = 2147483647;
			files = (
			);
			runOnlyForDeploymentPostprocessing = 0;
		};
/* End PBXSourcesBuildPhase section */

/* Begin PBXTargetDependency section */
		F77BC8D222E8B65D00296789 /* PBXTargetDependency */ = {
			isa = PBXTargetDependency;
			target = F74A0A2622E87DF800AF35A6 /* KeyFinder */;
			targetProxy = F77BC8D122E8B65D00296789 /* PBXContainerItemProxy */;
		};
/* End PBXTargetDependency section */

/* Begin XCBuildConfiguration section */
		F74A0A2D22E87DF900AF35A6 /* Debug */ = {
			isa = XCBuildConfiguration;
			buildSettings = {
				ALWAYS_SEARCH_USER_PATHS = NO;
				CLANG_ANALYZER_NONNULL = YES;
				CLANG_ANALYZER_NUMBER_OBJECT_CONVERSION = YES_AGGRESSIVE;
				CLANG_CXX_LANGUAGE_STANDARD = "gnu++14";
				CLANG_CXX_LIBRARY = "libc++";
				CLANG_ENABLE_MODULES = YES;
				CLANG_ENABLE_OBJC_ARC = YES;
				CLANG_ENABLE_OBJC_WEAK = YES;
				CLANG_WARN_BLOCK_CAPTURE_AUTORELEASING = YES;
				CLANG_WARN_BOOL_CONVERSION = YES;
				CLANG_WARN_COMMA = YES;
				CLANG_WARN_CONSTANT_CONVERSION = YES;
				CLANG_WARN_DEPRECATED_OBJC_IMPLEMENTATIONS = YES;
				CLANG_WARN_DIRECT_OBJC_ISA_USAGE = YES_ERROR;
				CLANG_WARN_DOCUMENTATION_COMMENTS = YES;
				CLANG_WARN_EMPTY_BODY = YES;
				CLANG_WARN_ENUM_CONVERSION = YES;
				CLANG_WARN_INFINITE_RECURSION = YES;
				CLANG_WARN_INT_CONVERSION = YES;
				CLANG_WARN_NON_LITERAL_NULL_CONVERSION = YES;
				CLANG_WARN_OBJC_IMPLICIT_RETAIN_SELF = YES;
				CLANG_WARN_OBJC_LITERAL_CONVERSION = YES;
				CLANG_WARN_OBJC_ROOT_CLASS = YES_ERROR;
				CLANG_WARN_RANGE_LOOP_ANALYSIS = YES;
				CLANG_WARN_STRICT_PROTOTYPES = YES;
				CLANG_WARN_SUSPICIOUS_MOVE = YES;
				CLANG_WARN_UNGUARDED_AVAILABILITY = YES_AGGRESSIVE;
				CLANG_WARN_UNREACHABLE_CODE = YES;
				CLANG_WARN__DUPLICATE_METHOD_MATCH = YES;
				CODE_SIGN_IDENTITY = "iPhone Developer";
				COPY_PHASE_STRIP = NO;
				CURRENT_PROJECT_VERSION = 1;
				DEBUG_INFORMATION_FORMAT = dwarf;
				ENABLE_STRICT_OBJC_MSGSEND = YES;
				ENABLE_TESTABILITY = YES;
				GCC_C_LANGUAGE_STANDARD = gnu11;
				GCC_DYNAMIC_NO_PIC = NO;
				GCC_NO_COMMON_BLOCKS = YES;
				GCC_OPTIMIZATION_LEVEL = 0;
				GCC_PREPROCESSOR_DEFINITIONS = (
					"DEBUG=1",
					"$(inherited)",
				);
				GCC_WARN_64_TO_32_BIT_CONVERSION = YES;
				GCC_WARN_ABOUT_RETURN_TYPE = YES_ERROR;
				GCC_WARN_UNDECLARED_SELECTOR = YES;
				GCC_WARN_UNINITIALIZED_AUTOS = YES_AGGRESSIVE;
				GCC_WARN_UNUSED_FUNCTION = YES;
				GCC_WARN_UNUSED_VARIABLE = YES;
				IPHONEOS_DEPLOYMENT_TARGET = 12.2;
				MTL_ENABLE_DEBUG_INFO = INCLUDE_SOURCE;
				MTL_FAST_MATH = YES;
				ONLY_ACTIVE_ARCH = YES;
				SDKROOT = iphoneos;
				SWIFT_ACTIVE_COMPILATION_CONDITIONS = DEBUG;
				SWIFT_OPTIMIZATION_LEVEL = "-Onone";
				VERSIONING_SYSTEM = "apple-generic";
				VERSION_INFO_PREFIX = "";
			};
			name = Debug;
		};
		F74A0A2E22E87DF900AF35A6 /* Release */ = {
			isa = XCBuildConfiguration;
			buildSettings = {
				ALWAYS_SEARCH_USER_PATHS = NO;
				CLANG_ANALYZER_NONNULL = YES;
				CLANG_ANALYZER_NUMBER_OBJECT_CONVERSION = YES_AGGRESSIVE;
				CLANG_CXX_LANGUAGE_STANDARD = "gnu++14";
				CLANG_CXX_LIBRARY = "libc++";
				CLANG_ENABLE_MODULES = YES;
				CLANG_ENABLE_OBJC_ARC = YES;
				CLANG_ENABLE_OBJC_WEAK = YES;
				CLANG_WARN_BLOCK_CAPTURE_AUTORELEASING = YES;
				CLANG_WARN_BOOL_CONVERSION = YES;
				CLANG_WARN_COMMA = YES;
				CLANG_WARN_CONSTANT_CONVERSION = YES;
				CLANG_WARN_DEPRECATED_OBJC_IMPLEMENTATIONS = YES;
				CLANG_WARN_DIRECT_OBJC_ISA_USAGE = YES_ERROR;
				CLANG_WARN_DOCUMENTATION_COMMENTS = YES;
				CLANG_WARN_EMPTY_BODY = YES;
				CLANG_WARN_ENUM_CONVERSION = YES;
				CLANG_WARN_INFINITE_RECURSION = YES;
				CLANG_WARN_INT_CONVERSION = YES;
				CLANG_WARN_NON_LITERAL_NULL_CONVERSION = YES;
				CLANG_WARN_OBJC_IMPLICIT_RETAIN_SELF = YES;
				CLANG_WARN_OBJC_LITERAL_CONVERSION = YES;
				CLANG_WARN_OBJC_ROOT_CLASS = YES_ERROR;
				CLANG_WARN_RANGE_LOOP_ANALYSIS = YES;
				CLANG_WARN_STRICT_PROTOTYPES = YES;
				CLANG_WARN_SUSPICIOUS_MOVE = YES;
				CLANG_WARN_UNGUARDED_AVAILABILITY = YES_AGGRESSIVE;
				CLANG_WARN_UNREACHABLE_CODE = YES;
				CLANG_WARN__DUPLICATE_METHOD_MATCH = YES;
				CODE_SIGN_IDENTITY = "iPhone Developer";
				COPY_PHASE_STRIP = NO;
				CURRENT_PROJECT_VERSION = 1;
				DEBUG_INFORMATION_FORMAT = "dwarf-with-dsym";
				ENABLE_NS_ASSERTIONS = NO;
				ENABLE_STRICT_OBJC_MSGSEND = YES;
				ENABLE_TESTABILITY = NO;
				GCC_C_LANGUAGE_STANDARD = gnu11;
				GCC_NO_COMMON_BLOCKS = YES;
				GCC_WARN_64_TO_32_BIT_CONVERSION = YES;
				GCC_WARN_ABOUT_RETURN_TYPE = YES_ERROR;
				GCC_WARN_UNDECLARED_SELECTOR = YES;
				GCC_WARN_UNINITIALIZED_AUTOS = YES_AGGRESSIVE;
				GCC_WARN_UNUSED_FUNCTION = YES;
				GCC_WARN_UNUSED_VARIABLE = YES;
				IPHONEOS_DEPLOYMENT_TARGET = 12.2;
				MTL_ENABLE_DEBUG_INFO = NO;
				MTL_FAST_MATH = YES;
				SDKROOT = iphoneos;
				SWIFT_COMPILATION_MODE = wholemodule;
				SWIFT_OPTIMIZATION_LEVEL = "-O";
				VALIDATE_PRODUCT = YES;
				VERSIONING_SYSTEM = "apple-generic";
				VERSION_INFO_PREFIX = "";
			};
			name = Release;
		};
		F74A0A3022E87DF900AF35A6 /* Debug */ = {
			isa = XCBuildConfiguration;
			buildSettings = {
				CLANG_ENABLE_MODULES = YES;
				CODE_SIGN_IDENTITY = "iPhone Developer";
				CODE_SIGN_STYLE = Automatic;
				DEFINES_MODULE = YES;
				DEVELOPMENT_TEAM = J2JXL6FGDG;
				DYLIB_COMPATIBILITY_VERSION = 1;
				DYLIB_CURRENT_VERSION = 1;
				DYLIB_INSTALL_NAME_BASE = "@rpath";
				INFOPLIST_FILE = KeyFinder/Info.plist;
				INSTALL_PATH = "$(LOCAL_LIBRARY_DIR)/Frameworks";
				LD_RUNPATH_SEARCH_PATHS = (
					"$(inherited)",
					"@executable_path/Frameworks",
					"@loader_path/Frameworks",
				);
				PRODUCT_BUNDLE_IDENTIFIER = com.convergencelabios.KeyFinder;
				PRODUCT_NAME = "$(TARGET_NAME:c99extidentifier)";
				SKIP_INSTALL = YES;
				SWIFT_OPTIMIZATION_LEVEL = "-Onone";
				SWIFT_VERSION = 5.0;
				TARGETED_DEVICE_FAMILY = "1,2";
			};
			name = Debug;
		};
		F74A0A3122E87DF900AF35A6 /* Release */ = {
			isa = XCBuildConfiguration;
			buildSettings = {
				CLANG_ENABLE_MODULES = YES;
				CODE_SIGN_IDENTITY = "";
				CODE_SIGN_STYLE = Automatic;
				DEFINES_MODULE = YES;
				DEVELOPMENT_TEAM = J2JXL6FGDG;
				DYLIB_COMPATIBILITY_VERSION = 1;
				DYLIB_CURRENT_VERSION = 1;
				DYLIB_INSTALL_NAME_BASE = "@rpath";
				INFOPLIST_FILE = KeyFinder/Info.plist;
				INSTALL_PATH = "$(LOCAL_LIBRARY_DIR)/Frameworks";
				LD_RUNPATH_SEARCH_PATHS = (
					"$(inherited)",
					"@executable_path/Frameworks",
					"@loader_path/Frameworks",
				);
				PRODUCT_BUNDLE_IDENTIFIER = com.convergencelabios.KeyFinder;
				PRODUCT_NAME = "$(TARGET_NAME:c99extidentifier)";
				SKIP_INSTALL = YES;
				SWIFT_VERSION = 5.0;
				TARGETED_DEVICE_FAMILY = "1,2";
			};
			name = Release;
		};
		F77BC8D322E8B65D00296789 /* Debug */ = {
			isa = XCBuildConfiguration;
			buildSettings = {
				CLANG_ENABLE_MODULES = YES;
				CODE_SIGN_STYLE = Automatic;
				DEVELOPMENT_TEAM = J2JXL6FGDG;
				INFOPLIST_FILE = KeyFinderTests/Info.plist;
				IPHONEOS_DEPLOYMENT_TARGET = 12.4;
				LD_RUNPATH_SEARCH_PATHS = (
					"$(inherited)",
					"@executable_path/Frameworks",
					"@loader_path/Frameworks",
				);
				PRODUCT_BUNDLE_IDENTIFIER = com.convergencelabios.KeyFinderTests;
				PRODUCT_NAME = "$(TARGET_NAME)";
				SWIFT_OPTIMIZATION_LEVEL = "-Onone";
				SWIFT_VERSION = 5.0;
				TARGETED_DEVICE_FAMILY = "1,2";
			};
			name = Debug;
		};
		F77BC8D422E8B65D00296789 /* Release */ = {
			isa = XCBuildConfiguration;
			buildSettings = {
				CLANG_ENABLE_MODULES = YES;
				CODE_SIGN_STYLE = Automatic;
				DEVELOPMENT_TEAM = J2JXL6FGDG;
				INFOPLIST_FILE = KeyFinderTests/Info.plist;
				IPHONEOS_DEPLOYMENT_TARGET = 12.4;
				LD_RUNPATH_SEARCH_PATHS = (
					"$(inherited)",
					"@executable_path/Frameworks",
					"@loader_path/Frameworks",
				);
				PRODUCT_BUNDLE_IDENTIFIER = com.convergencelabios.KeyFinderTests;
				PRODUCT_NAME = "$(TARGET_NAME)";
				SWIFT_VERSION = 5.0;
				TARGETED_DEVICE_FAMILY = "1,2";
			};
			name = Release;
		};
/* End XCBuildConfiguration section */

/* Begin XCConfigurationList section */
		F74A0A2122E87DF800AF35A6 /* Build configuration list for PBXProject "KeyFinder" */ = {
			isa = XCConfigurationList;
			buildConfigurations = (
				F74A0A2D22E87DF900AF35A6 /* Debug */,
				F74A0A2E22E87DF900AF35A6 /* Release */,
			);
			defaultConfigurationIsVisible = 0;
			defaultConfigurationName = Release;
		};
		F74A0A2F22E87DF900AF35A6 /* Build configuration list for PBXNativeTarget "KeyFinder" */ = {
			isa = XCConfigurationList;
			buildConfigurations = (
				F74A0A3022E87DF900AF35A6 /* Debug */,
				F74A0A3122E87DF900AF35A6 /* Release */,
			);
			defaultConfigurationIsVisible = 0;
			defaultConfigurationName = Release;
		};
		F77BC8D522E8B65D00296789 /* Build configuration list for PBXNativeTarget "KeyFinderTests" */ = {
			isa = XCConfigurationList;
			buildConfigurations = (
				F77BC8D322E8B65D00296789 /* Debug */,
				F77BC8D422E8B65D00296789 /* Release */,
			);
			defaultConfigurationIsVisible = 0;
			defaultConfigurationName = Release;
		};
/* End XCConfigurationList section */
	};
	rootObject = F74A0A1E22E87DF800AF35A6 /* Project object */;
}
